// !$*UTF8*$!
{
	archiveVersion = 1;
	classes = {
	};
	objectVersion = 46;
	objects = {

/* Begin PBXBuildFile section */
		74465FAF16C22D210081EC85 /* NSData+Base64.m in Sources */ = {isa = PBXBuildFile; fileRef = 74465F9316C22D210081EC85 /* NSData+Base64.m */; };
		74465FB016C22D210081EC85 /* NSMutableArray+Soap.m in Sources */ = {isa = PBXBuildFile; fileRef = 74465F9516C22D210081EC85 /* NSMutableArray+Soap.m */; };
		74465FB116C22D210081EC85 /* Soap.m in Sources */ = {isa = PBXBuildFile; fileRef = 74465F9716C22D210081EC85 /* Soap.m */; };
		74465FB216C22D210081EC85 /* SoapArray.m in Sources */ = {isa = PBXBuildFile; fileRef = 74465F9916C22D210081EC85 /* SoapArray.m */; };
		74465FB316C22D210081EC85 /* SoapDictionary.m in Sources */ = {isa = PBXBuildFile; fileRef = 74465F9C16C22D210081EC85 /* SoapDictionary.m */; };
		74465FB416C22D210081EC85 /* SoapFault.m in Sources */ = {isa = PBXBuildFile; fileRef = 74465F9E16C22D210081EC85 /* SoapFault.m */; };
		74465FB516C22D210081EC85 /* SoapHandler.m in Sources */ = {isa = PBXBuildFile; fileRef = 74465FA016C22D210081EC85 /* SoapHandler.m */; };
		74465FB616C22D210081EC85 /* SoapLiteral.m in Sources */ = {isa = PBXBuildFile; fileRef = 74465FA216C22D210081EC85 /* SoapLiteral.m */; };
		74465FB716C22D210081EC85 /* SoapNil.m in Sources */ = {isa = PBXBuildFile; fileRef = 74465FA416C22D210081EC85 /* SoapNil.m */; };
		74465FB816C22D210081EC85 /* SoapObject.m in Sources */ = {isa = PBXBuildFile; fileRef = 74465FA616C22D210081EC85 /* SoapObject.m */; };
		74465FB916C22D210081EC85 /* SoapParameter.m in Sources */ = {isa = PBXBuildFile; fileRef = 74465FA816C22D210081EC85 /* SoapParameter.m */; };
		74465FBA16C22D210081EC85 /* SoapReachability.m in Sources */ = {isa = PBXBuildFile; fileRef = 74465FAA16C22D210081EC85 /* SoapReachability.m */; };
		74465FBB16C22D210081EC85 /* SoapRequest.m in Sources */ = {isa = PBXBuildFile; fileRef = 74465FAC16C22D210081EC85 /* SoapRequest.m */; };
		74465FBC16C22D210081EC85 /* SoapService.m in Sources */ = {isa = PBXBuildFile; fileRef = 74465FAE16C22D210081EC85 /* SoapService.m */; };
		74465FCB16C22D560081EC85 /* CXMLDocument.m in Sources */ = {isa = PBXBuildFile; fileRef = 74465FBF16C22D560081EC85 /* CXMLDocument.m */; };
		74465FCC16C22D560081EC85 /* CXMLDocument_PrivateExtensions.m in Sources */ = {isa = PBXBuildFile; fileRef = 74465FC116C22D560081EC85 /* CXMLDocument_PrivateExtensions.m */; };
		74465FCD16C22D560081EC85 /* CXMLElement.m in Sources */ = {isa = PBXBuildFile; fileRef = 74465FC316C22D560081EC85 /* CXMLElement.m */; };
		74465FCE16C22D560081EC85 /* CXMLNode.m in Sources */ = {isa = PBXBuildFile; fileRef = 74465FC516C22D560081EC85 /* CXMLNode.m */; };
		74465FCF16C22D560081EC85 /* CXMLNode_PrivateExtensions.m in Sources */ = {isa = PBXBuildFile; fileRef = 74465FC716C22D560081EC85 /* CXMLNode_PrivateExtensions.m */; };
		74465FD016C22D560081EC85 /* CXMLNode_XPathExtensions.m in Sources */ = {isa = PBXBuildFile; fileRef = 74465FC916C22D560081EC85 /* CXMLNode_XPathExtensions.m */; };
		74465FD216C22D880081EC85 /* libxml2.2.dylib in Frameworks */ = {isa = PBXBuildFile; fileRef = 74465FD116C22D880081EC85 /* libxml2.2.dylib */; };
		7446601F16C22EEC0081EC85 /* Soap+Prefix.m in Sources */ = {isa = PBXBuildFile; fileRef = 7446600916C22EEC0081EC85 /* Soap+Prefix.m */; };
		7446602516C22F760081EC85 /* SystemConfiguration.framework in Frameworks */ = {isa = PBXBuildFile; fileRef = 7446602416C22F760081EC85 /* SystemConfiguration.framework */; };
		7446602816C230680081EC85 /* RSSynergyWebService.m in Sources */ = {isa = PBXBuildFile; fileRef = 7446602716C230680081EC85 /* RSSynergyWebService.m */; };
		7446602B16C231A60081EC85 /* RSSynergyReply.m in Sources */ = {isa = PBXBuildFile; fileRef = 7446602A16C231A60081EC85 /* RSSynergyReply.m */; };
		7446602F16C236330081EC85 /* RSWebServiceHandler.m in Sources */ = {isa = PBXBuildFile; fileRef = 7446602E16C236330081EC85 /* RSWebServiceHandler.m */; };
		7446603616C2640E0081EC85 /* RSSynergyRequest.m in Sources */ = {isa = PBXBuildFile; fileRef = 7446603516C2640E0081EC85 /* RSSynergyRequest.m */; };
		7493D8FC16C22B0300DAE363 /* UIKit.framework in Frameworks */ = {isa = PBXBuildFile; fileRef = 7493D8FB16C22B0300DAE363 /* UIKit.framework */; };
		7493D8FE16C22B0300DAE363 /* Foundation.framework in Frameworks */ = {isa = PBXBuildFile; fileRef = 7493D8FD16C22B0300DAE363 /* Foundation.framework */; };
		7493D90016C22B0300DAE363 /* CoreGraphics.framework in Frameworks */ = {isa = PBXBuildFile; fileRef = 7493D8FF16C22B0300DAE363 /* CoreGraphics.framework */; };
		7493D90616C22B0300DAE363 /* InfoPlist.strings in Resources */ = {isa = PBXBuildFile; fileRef = 7493D90416C22B0300DAE363 /* InfoPlist.strings */; };
		7493D90816C22B0300DAE363 /* main.m in Sources */ = {isa = PBXBuildFile; fileRef = 7493D90716C22B0300DAE363 /* main.m */; };
		7493D90C16C22B0300DAE363 /* AppDelegate.m in Sources */ = {isa = PBXBuildFile; fileRef = 7493D90B16C22B0300DAE363 /* AppDelegate.m */; };
		7493D90F16C22B0300DAE363 /* MasterViewController.m in Sources */ = {isa = PBXBuildFile; fileRef = 7493D90E16C22B0300DAE363 /* MasterViewController.m */; };
		7493D91216C22B0300DAE363 /* DetailViewController.m in Sources */ = {isa = PBXBuildFile; fileRef = 7493D91116C22B0300DAE363 /* DetailViewController.m */; };
		7493D91516C22B0300DAE363 /* MasterViewController.xib in Resources */ = {isa = PBXBuildFile; fileRef = 7493D91316C22B0300DAE363 /* MasterViewController.xib */; };
		7493D91816C22B0300DAE363 /* DetailViewController.xib in Resources */ = {isa = PBXBuildFile; fileRef = 7493D91616C22B0300DAE363 /* DetailViewController.xib */; };
/* End PBXBuildFile section */

/* Begin PBXFileReference section */
		74465F9216C22D210081EC85 /* NSData+Base64.h */ = {isa = PBXFileReference; fileEncoding = 4; lastKnownFileType = sourcecode.c.h; path = "NSData+Base64.h"; sourceTree = "<group>"; };
		74465F9316C22D210081EC85 /* NSData+Base64.m */ = {isa = PBXFileReference; fileEncoding = 4; lastKnownFileType = sourcecode.c.objc; path = "NSData+Base64.m"; sourceTree = "<group>"; };
		74465F9416C22D210081EC85 /* NSMutableArray+Soap.h */ = {isa = PBXFileReference; fileEncoding = 4; lastKnownFileType = sourcecode.c.h; path = "NSMutableArray+Soap.h"; sourceTree = "<group>"; };
		74465F9516C22D210081EC85 /* NSMutableArray+Soap.m */ = {isa = PBXFileReference; fileEncoding = 4; lastKnownFileType = sourcecode.c.objc; path = "NSMutableArray+Soap.m"; sourceTree = "<group>"; };
		74465F9616C22D210081EC85 /* Soap.h */ = {isa = PBXFileReference; fileEncoding = 4; lastKnownFileType = sourcecode.c.h; path = Soap.h; sourceTree = "<group>"; };
		74465F9716C22D210081EC85 /* Soap.m */ = {isa = PBXFileReference; fileEncoding = 4; lastKnownFileType = sourcecode.c.objc; path = Soap.m; sourceTree = "<group>"; };
		74465F9816C22D210081EC85 /* SoapArray.h */ = {isa = PBXFileReference; fileEncoding = 4; lastKnownFileType = sourcecode.c.h; path = SoapArray.h; sourceTree = "<group>"; };
		74465F9916C22D210081EC85 /* SoapArray.m */ = {isa = PBXFileReference; fileEncoding = 4; lastKnownFileType = sourcecode.c.objc; path = SoapArray.m; sourceTree = "<group>"; };
		74465F9A16C22D210081EC85 /* SoapDelegate.h */ = {isa = PBXFileReference; fileEncoding = 4; lastKnownFileType = sourcecode.c.h; path = SoapDelegate.h; sourceTree = "<group>"; };
		74465F9B16C22D210081EC85 /* SoapDictionary.h */ = {isa = PBXFileReference; fileEncoding = 4; lastKnownFileType = sourcecode.c.h; path = SoapDictionary.h; sourceTree = "<group>"; };
		74465F9C16C22D210081EC85 /* SoapDictionary.m */ = {isa = PBXFileReference; fileEncoding = 4; lastKnownFileType = sourcecode.c.objc; path = SoapDictionary.m; sourceTree = "<group>"; };
		74465F9D16C22D210081EC85 /* SoapFault.h */ = {isa = PBXFileReference; fileEncoding = 4; lastKnownFileType = sourcecode.c.h; path = SoapFault.h; sourceTree = "<group>"; };
		74465F9E16C22D210081EC85 /* SoapFault.m */ = {isa = PBXFileReference; fileEncoding = 4; lastKnownFileType = sourcecode.c.objc; path = SoapFault.m; sourceTree = "<group>"; };
		74465F9F16C22D210081EC85 /* SoapHandler.h */ = {isa = PBXFileReference; fileEncoding = 4; lastKnownFileType = sourcecode.c.h; path = SoapHandler.h; sourceTree = "<group>"; };
		74465FA016C22D210081EC85 /* SoapHandler.m */ = {isa = PBXFileReference; fileEncoding = 4; lastKnownFileType = sourcecode.c.objc; path = SoapHandler.m; sourceTree = "<group>"; };
		74465FA116C22D210081EC85 /* SoapLiteral.h */ = {isa = PBXFileReference; fileEncoding = 4; lastKnownFileType = sourcecode.c.h; path = SoapLiteral.h; sourceTree = "<group>"; };
		74465FA216C22D210081EC85 /* SoapLiteral.m */ = {isa = PBXFileReference; fileEncoding = 4; lastKnownFileType = sourcecode.c.objc; path = SoapLiteral.m; sourceTree = "<group>"; };
		74465FA316C22D210081EC85 /* SoapNil.h */ = {isa = PBXFileReference; fileEncoding = 4; lastKnownFileType = sourcecode.c.h; path = SoapNil.h; sourceTree = "<group>"; };
		74465FA416C22D210081EC85 /* SoapNil.m */ = {isa = PBXFileReference; fileEncoding = 4; lastKnownFileType = sourcecode.c.objc; path = SoapNil.m; sourceTree = "<group>"; };
		74465FA516C22D210081EC85 /* SoapObject.h */ = {isa = PBXFileReference; fileEncoding = 4; lastKnownFileType = sourcecode.c.h; path = SoapObject.h; sourceTree = "<group>"; };
		74465FA616C22D210081EC85 /* SoapObject.m */ = {isa = PBXFileReference; fileEncoding = 4; lastKnownFileType = sourcecode.c.objc; path = SoapObject.m; sourceTree = "<group>"; };
		74465FA716C22D210081EC85 /* SoapParameter.h */ = {isa = PBXFileReference; fileEncoding = 4; lastKnownFileType = sourcecode.c.h; path = SoapParameter.h; sourceTree = "<group>"; };
		74465FA816C22D210081EC85 /* SoapParameter.m */ = {isa = PBXFileReference; fileEncoding = 4; lastKnownFileType = sourcecode.c.objc; path = SoapParameter.m; sourceTree = "<group>"; };
		74465FA916C22D210081EC85 /* SoapReachability.h */ = {isa = PBXFileReference; fileEncoding = 4; lastKnownFileType = sourcecode.c.h; path = SoapReachability.h; sourceTree = "<group>"; };
		74465FAA16C22D210081EC85 /* SoapReachability.m */ = {isa = PBXFileReference; fileEncoding = 4; lastKnownFileType = sourcecode.c.objc; path = SoapReachability.m; sourceTree = "<group>"; };
		74465FAB16C22D210081EC85 /* SoapRequest.h */ = {isa = PBXFileReference; fileEncoding = 4; lastKnownFileType = sourcecode.c.h; path = SoapRequest.h; sourceTree = "<group>"; };
		74465FAC16C22D210081EC85 /* SoapRequest.m */ = {isa = PBXFileReference; fileEncoding = 4; lastKnownFileType = sourcecode.c.objc; path = SoapRequest.m; sourceTree = "<group>"; };
		74465FAD16C22D210081EC85 /* SoapService.h */ = {isa = PBXFileReference; fileEncoding = 4; lastKnownFileType = sourcecode.c.h; path = SoapService.h; sourceTree = "<group>"; };
		74465FAE16C22D210081EC85 /* SoapService.m */ = {isa = PBXFileReference; fileEncoding = 4; lastKnownFileType = sourcecode.c.objc; path = SoapService.m; sourceTree = "<group>"; };
		74465FBE16C22D560081EC85 /* CXMLDocument.h */ = {isa = PBXFileReference; fileEncoding = 4; lastKnownFileType = sourcecode.c.h; path = CXMLDocument.h; sourceTree = "<group>"; };
		74465FBF16C22D560081EC85 /* CXMLDocument.m */ = {isa = PBXFileReference; fileEncoding = 4; lastKnownFileType = sourcecode.c.objc; path = CXMLDocument.m; sourceTree = "<group>"; };
		74465FC016C22D560081EC85 /* CXMLDocument_PrivateExtensions.h */ = {isa = PBXFileReference; fileEncoding = 4; lastKnownFileType = sourcecode.c.h; path = CXMLDocument_PrivateExtensions.h; sourceTree = "<group>"; };
		74465FC116C22D560081EC85 /* CXMLDocument_PrivateExtensions.m */ = {isa = PBXFileReference; fileEncoding = 4; lastKnownFileType = sourcecode.c.objc; path = CXMLDocument_PrivateExtensions.m; sourceTree = "<group>"; };
		74465FC216C22D560081EC85 /* CXMLElement.h */ = {isa = PBXFileReference; fileEncoding = 4; lastKnownFileType = sourcecode.c.h; path = CXMLElement.h; sourceTree = "<group>"; };
		74465FC316C22D560081EC85 /* CXMLElement.m */ = {isa = PBXFileReference; fileEncoding = 4; lastKnownFileType = sourcecode.c.objc; path = CXMLElement.m; sourceTree = "<group>"; };
		74465FC416C22D560081EC85 /* CXMLNode.h */ = {isa = PBXFileReference; fileEncoding = 4; lastKnownFileType = sourcecode.c.h; path = CXMLNode.h; sourceTree = "<group>"; };
		74465FC516C22D560081EC85 /* CXMLNode.m */ = {isa = PBXFileReference; fileEncoding = 4; lastKnownFileType = sourcecode.c.objc; path = CXMLNode.m; sourceTree = "<group>"; };
		74465FC616C22D560081EC85 /* CXMLNode_PrivateExtensions.h */ = {isa = PBXFileReference; fileEncoding = 4; lastKnownFileType = sourcecode.c.h; path = CXMLNode_PrivateExtensions.h; sourceTree = "<group>"; };
		74465FC716C22D560081EC85 /* CXMLNode_PrivateExtensions.m */ = {isa = PBXFileReference; fileEncoding = 4; lastKnownFileType = sourcecode.c.objc; path = CXMLNode_PrivateExtensions.m; sourceTree = "<group>"; };
		74465FC816C22D560081EC85 /* CXMLNode_XPathExtensions.h */ = {isa = PBXFileReference; fileEncoding = 4; lastKnownFileType = sourcecode.c.h; path = CXMLNode_XPathExtensions.h; sourceTree = "<group>"; };
		74465FC916C22D560081EC85 /* CXMLNode_XPathExtensions.m */ = {isa = PBXFileReference; fileEncoding = 4; lastKnownFileType = sourcecode.c.objc; path = CXMLNode_XPathExtensions.m; sourceTree = "<group>"; };
		74465FCA16C22D560081EC85 /* TouchXML.h */ = {isa = PBXFileReference; fileEncoding = 4; lastKnownFileType = sourcecode.c.h; path = TouchXML.h; sourceTree = "<group>"; };
		74465FD116C22D880081EC85 /* libxml2.2.dylib */ = {isa = PBXFileReference; lastKnownFileType = "compiled.mach-o.dylib"; name = libxml2.2.dylib; path = usr/lib/libxml2.2.dylib; sourceTree = SDKROOT; };
		7446600816C22EEB0081EC85 /* Soap+Prefix.h */ = {isa = PBXFileReference; fileEncoding = 4; lastKnownFileType = sourcecode.c.h; path = "Soap+Prefix.h"; sourceTree = "<group>"; };
		7446600916C22EEC0081EC85 /* Soap+Prefix.m */ = {isa = PBXFileReference; fileEncoding = 4; lastKnownFileType = sourcecode.c.objc; path = "Soap+Prefix.m"; sourceTree = "<group>"; };
		7446602416C22F760081EC85 /* SystemConfiguration.framework */ = {isa = PBXFileReference; lastKnownFileType = wrapper.framework; name = SystemConfiguration.framework; path = System/Library/Frameworks/SystemConfiguration.framework; sourceTree = SDKROOT; };
		7446602616C230680081EC85 /* RSSynergyWebService.h */ = {isa = PBXFileReference; fileEncoding = 4; lastKnownFileType = sourcecode.c.h; name = RSSynergyWebService.h; path = SynergyWebApp/Protocol/public/RSSynergyWebService.h; sourceTree = "<group>"; };
		7446602716C230680081EC85 /* RSSynergyWebService.m */ = {isa = PBXFileReference; fileEncoding = 4; lastKnownFileType = sourcecode.c.objc; name = RSSynergyWebService.m; path = SynergyWebApp/Protocol/public/RSSynergyWebService.m; sourceTree = "<group>"; };
		7446602916C231A60081EC85 /* RSSynergyReply.h */ = {isa = PBXFileReference; fileEncoding = 4; lastKnownFileType = sourcecode.c.h; name = RSSynergyReply.h; path = SynergyWebApp/Protocol/public/RSSynergyReply.h; sourceTree = "<group>"; };
		7446602A16C231A60081EC85 /* RSSynergyReply.m */ = {isa = PBXFileReference; fileEncoding = 4; lastKnownFileType = sourcecode.c.objc; name = RSSynergyReply.m; path = SynergyWebApp/Protocol/public/RSSynergyReply.m; sourceTree = "<group>"; };
		7446602D16C236330081EC85 /* RSWebServiceHandler.h */ = {isa = PBXFileReference; fileEncoding = 4; lastKnownFileType = sourcecode.c.h; name = RSWebServiceHandler.h; path = SynergyWebApp/Protocol/private/WebServiceHandlers/RSWebServiceHandler.h; sourceTree = "<group>"; };
		7446602E16C236330081EC85 /* RSWebServiceHandler.m */ = {isa = PBXFileReference; fileEncoding = 4; lastKnownFileType = sourcecode.c.objc; name = RSWebServiceHandler.m; path = SynergyWebApp/Protocol/private/WebServiceHandlers/RSWebServiceHandler.m; sourceTree = "<group>"; };
		7446603416C2640E0081EC85 /* RSSynergyRequest.h */ = {isa = PBXFileReference; fileEncoding = 4; lastKnownFileType = sourcecode.c.h; name = RSSynergyRequest.h; path = SynergyWebApp/Protocol/public/RSSynergyRequest.h; sourceTree = "<group>"; };
		7446603516C2640E0081EC85 /* RSSynergyRequest.m */ = {isa = PBXFileReference; fileEncoding = 4; lastKnownFileType = sourcecode.c.objc; name = RSSynergyRequest.m; path = SynergyWebApp/Protocol/public/RSSynergyRequest.m; sourceTree = "<group>"; };
		7493D8F716C22B0300DAE363 /* SynergyWebApp.app */ = {isa = PBXFileReference; explicitFileType = wrapper.application; includeInIndex = 0; path = SynergyWebApp.app; sourceTree = BUILT_PRODUCTS_DIR; };
		7493D8FB16C22B0300DAE363 /* UIKit.framework */ = {isa = PBXFileReference; lastKnownFileType = wrapper.framework; name = UIKit.framework; path = System/Library/Frameworks/UIKit.framework; sourceTree = SDKROOT; };
		7493D8FD16C22B0300DAE363 /* Foundation.framework */ = {isa = PBXFileReference; lastKnownFileType = wrapper.framework; name = Foundation.framework; path = System/Library/Frameworks/Foundation.framework; sourceTree = SDKROOT; };
		7493D8FF16C22B0300DAE363 /* CoreGraphics.framework */ = {isa = PBXFileReference; lastKnownFileType = wrapper.framework; name = CoreGraphics.framework; path = System/Library/Frameworks/CoreGraphics.framework; sourceTree = SDKROOT; };
		7493D90316C22B0300DAE363 /* SynergyWebApp-Info.plist */ = {isa = PBXFileReference; lastKnownFileType = text.plist.xml; path = "SynergyWebApp-Info.plist"; sourceTree = "<group>"; };
		7493D90516C22B0300DAE363 /* en */ = {isa = PBXFileReference; lastKnownFileType = text.plist.strings; name = en; path = en.lproj/InfoPlist.strings; sourceTree = "<group>"; };
		7493D90716C22B0300DAE363 /* main.m */ = {isa = PBXFileReference; lastKnownFileType = sourcecode.c.objc; path = main.m; sourceTree = "<group>"; };
		7493D90916C22B0300DAE363 /* SynergyWebApp-Prefix.pch */ = {isa = PBXFileReference; lastKnownFileType = sourcecode.c.h; path = "SynergyWebApp-Prefix.pch"; sourceTree = "<group>"; };
		7493D90A16C22B0300DAE363 /* AppDelegate.h */ = {isa = PBXFileReference; lastKnownFileType = sourcecode.c.h; path = AppDelegate.h; sourceTree = "<group>"; };
		7493D90B16C22B0300DAE363 /* AppDelegate.m */ = {isa = PBXFileReference; lastKnownFileType = sourcecode.c.objc; path = AppDelegate.m; sourceTree = "<group>"; };
		7493D90D16C22B0300DAE363 /* MasterViewController.h */ = {isa = PBXFileReference; lastKnownFileType = sourcecode.c.h; path = MasterViewController.h; sourceTree = "<group>"; };
		7493D90E16C22B0300DAE363 /* MasterViewController.m */ = {isa = PBXFileReference; lastKnownFileType = sourcecode.c.objc; path = MasterViewController.m; sourceTree = "<group>"; };
		7493D91016C22B0300DAE363 /* DetailViewController.h */ = {isa = PBXFileReference; lastKnownFileType = sourcecode.c.h; path = DetailViewController.h; sourceTree = "<group>"; };
		7493D91116C22B0300DAE363 /* DetailViewController.m */ = {isa = PBXFileReference; lastKnownFileType = sourcecode.c.objc; path = DetailViewController.m; sourceTree = "<group>"; };
		7493D91416C22B0300DAE363 /* en */ = {isa = PBXFileReference; lastKnownFileType = file.xib; name = en; path = en.lproj/MasterViewController.xib; sourceTree = "<group>"; };
		7493D91716C22B0300DAE363 /* en */ = {isa = PBXFileReference; lastKnownFileType = file.xib; name = en; path = en.lproj/DetailViewController.xib; sourceTree = "<group>"; };
/* End PBXFileReference section */

/* Begin PBXFrameworksBuildPhase section */
		7493D8F416C22B0300DAE363 /* Frameworks */ = {
			isa = PBXFrameworksBuildPhase;
			buildActionMask = 2147483647;
			files = (
				7446602516C22F760081EC85 /* SystemConfiguration.framework in Frameworks */,
				74465FD216C22D880081EC85 /* libxml2.2.dylib in Frameworks */,
				7493D8FC16C22B0300DAE363 /* UIKit.framework in Frameworks */,
				7493D8FE16C22B0300DAE363 /* Foundation.framework in Frameworks */,
				7493D90016C22B0300DAE363 /* CoreGraphics.framework in Frameworks */,
			);
			runOnlyForDeploymentPostprocessing = 0;
		};
/* End PBXFrameworksBuildPhase section */

/* Begin PBXGroup section */
		74465F8D16C22C530081EC85 /* Protocol */ = {
			isa = PBXGroup;
			children = (
				74465F9016C22CE80081EC85 /* private */,
				74465F8F16C22CE50081EC85 /* public */,
			);
			name = Protocol;
			sourceTree = "<group>";
		};
		74465F8F16C22CE50081EC85 /* public */ = {
			isa = PBXGroup;
			children = (
				7446602616C230680081EC85 /* RSSynergyWebService.h */,
				7446602716C230680081EC85 /* RSSynergyWebService.m */,
				7446602916C231A60081EC85 /* RSSynergyReply.h */,
				7446602A16C231A60081EC85 /* RSSynergyReply.m */,
				7446603416C2640E0081EC85 /* RSSynergyRequest.h */,
				7446603516C2640E0081EC85 /* RSSynergyRequest.m */,
			);
			name = public;
			sourceTree = "<group>";
		};
		74465F9016C22CE80081EC85 /* private */ = {
			isa = PBXGroup;
			children = (
				7446602C16C235AB0081EC85 /* WebServiceHandlers */,
				74465FBD16C22D560081EC85 /* TouchXML */,
				74465F9116C22D210081EC85 /* Soap */,
			);
			name = private;
			sourceTree = "<group>";
		};
		74465F9116C22D210081EC85 /* Soap */ = {
			isa = PBXGroup;
			children = (
				7446600816C22EEB0081EC85 /* Soap+Prefix.h */,
				7446600916C22EEC0081EC85 /* Soap+Prefix.m */,
				74465F9216C22D210081EC85 /* NSData+Base64.h */,
				74465F9316C22D210081EC85 /* NSData+Base64.m */,
				74465F9416C22D210081EC85 /* NSMutableArray+Soap.h */,
				74465F9516C22D210081EC85 /* NSMutableArray+Soap.m */,
				74465F9616C22D210081EC85 /* Soap.h */,
				74465F9716C22D210081EC85 /* Soap.m */,
				74465F9816C22D210081EC85 /* SoapArray.h */,
				74465F9916C22D210081EC85 /* SoapArray.m */,
				74465F9A16C22D210081EC85 /* SoapDelegate.h */,
				74465F9B16C22D210081EC85 /* SoapDictionary.h */,
				74465F9C16C22D210081EC85 /* SoapDictionary.m */,
				74465F9D16C22D210081EC85 /* SoapFault.h */,
				74465F9E16C22D210081EC85 /* SoapFault.m */,
				74465F9F16C22D210081EC85 /* SoapHandler.h */,
				74465FA016C22D210081EC85 /* SoapHandler.m */,
				74465FA116C22D210081EC85 /* SoapLiteral.h */,
				74465FA216C22D210081EC85 /* SoapLiteral.m */,
				74465FA316C22D210081EC85 /* SoapNil.h */,
				74465FA416C22D210081EC85 /* SoapNil.m */,
				74465FA516C22D210081EC85 /* SoapObject.h */,
				74465FA616C22D210081EC85 /* SoapObject.m */,
				74465FA716C22D210081EC85 /* SoapParameter.h */,
				74465FA816C22D210081EC85 /* SoapParameter.m */,
				74465FA916C22D210081EC85 /* SoapReachability.h */,
				74465FAA16C22D210081EC85 /* SoapReachability.m */,
				74465FAB16C22D210081EC85 /* SoapRequest.h */,
				74465FAC16C22D210081EC85 /* SoapRequest.m */,
				74465FAD16C22D210081EC85 /* SoapService.h */,
				74465FAE16C22D210081EC85 /* SoapService.m */,
			);
			name = Soap;
			path = SynergyWebApp/Protocol/private/Soap;
			sourceTree = "<group>";
		};
		74465FBD16C22D560081EC85 /* TouchXML */ = {
			isa = PBXGroup;
			children = (
				74465FBE16C22D560081EC85 /* CXMLDocument.h */,
				74465FBF16C22D560081EC85 /* CXMLDocument.m */,
				74465FC016C22D560081EC85 /* CXMLDocument_PrivateExtensions.h */,
				74465FC116C22D560081EC85 /* CXMLDocument_PrivateExtensions.m */,
				74465FC216C22D560081EC85 /* CXMLElement.h */,
				74465FC316C22D560081EC85 /* CXMLElement.m */,
				74465FC416C22D560081EC85 /* CXMLNode.h */,
				74465FC516C22D560081EC85 /* CXMLNode.m */,
				74465FC616C22D560081EC85 /* CXMLNode_PrivateExtensions.h */,
				74465FC716C22D560081EC85 /* CXMLNode_PrivateExtensions.m */,
				74465FC816C22D560081EC85 /* CXMLNode_XPathExtensions.h */,
				74465FC916C22D560081EC85 /* CXMLNode_XPathExtensions.m */,
				74465FCA16C22D560081EC85 /* TouchXML.h */,
			);
			name = TouchXML;
			path = SynergyWebApp/Protocol/private/TouchXML;
			sourceTree = "<group>";
		};
		7446602C16C235AB0081EC85 /* WebServiceHandlers */ = {
			isa = PBXGroup;
			children = (
				7446602D16C236330081EC85 /* RSWebServiceHandler.h */,
				7446602E16C236330081EC85 /* RSWebServiceHandler.m */,
			);
			name = WebServiceHandlers;
			sourceTree = "<group>";
		};
		7493D8EC16C22B0300DAE363 = {
			isa = PBXGroup;
			children = (
				74465F8D16C22C530081EC85 /* Protocol */,
				7493D90116C22B0300DAE363 /* SynergyWebApp */,
				7493D8FA16C22B0300DAE363 /* Frameworks */,
				7493D8F816C22B0300DAE363 /* Products */,
			);
			sourceTree = "<group>";
		};
		7493D8F816C22B0300DAE363 /* Products */ = {
			isa = PBXGroup;
			children = (
				7493D8F716C22B0300DAE363 /* SynergyWebApp.app */,
			);
			name = Products;
			sourceTree = "<group>";
		};
		7493D8FA16C22B0300DAE363 /* Frameworks */ = {
			isa = PBXGroup;
			children = (
				7446602416C22F760081EC85 /* SystemConfiguration.framework */,
				74465FD116C22D880081EC85 /* libxml2.2.dylib */,
				7493D8FB16C22B0300DAE363 /* UIKit.framework */,
				7493D8FD16C22B0300DAE363 /* Foundation.framework */,
				7493D8FF16C22B0300DAE363 /* CoreGraphics.framework */,
			);
			name = Frameworks;
			sourceTree = "<group>";
		};
		7493D90116C22B0300DAE363 /* SynergyWebApp */ = {
			isa = PBXGroup;
			children = (
				7493D90A16C22B0300DAE363 /* AppDelegate.h */,
				7493D90B16C22B0300DAE363 /* AppDelegate.m */,
				7493D90D16C22B0300DAE363 /* MasterViewController.h */,
				7493D90E16C22B0300DAE363 /* MasterViewController.m */,
				7493D91016C22B0300DAE363 /* DetailViewController.h */,
				7493D91116C22B0300DAE363 /* DetailViewController.m */,
				7493D91316C22B0300DAE363 /* MasterViewController.xib */,
				7493D91616C22B0300DAE363 /* DetailViewController.xib */,
				7493D90216C22B0300DAE363 /* Supporting Files */,
			);
			path = SynergyWebApp;
			sourceTree = "<group>";
		};
		7493D90216C22B0300DAE363 /* Supporting Files */ = {
			isa = PBXGroup;
			children = (
				7493D90316C22B0300DAE363 /* SynergyWebApp-Info.plist */,
				7493D90416C22B0300DAE363 /* InfoPlist.strings */,
				7493D90716C22B0300DAE363 /* main.m */,
				7493D90916C22B0300DAE363 /* SynergyWebApp-Prefix.pch */,
			);
			name = "Supporting Files";
			sourceTree = "<group>";
		};
/* End PBXGroup section */

/* Begin PBXNativeTarget section */
		7493D8F616C22B0300DAE363 /* SynergyWebApp */ = {
			isa = PBXNativeTarget;
			buildConfigurationList = 7493D91B16C22B0300DAE363 /* Build configuration list for PBXNativeTarget "SynergyWebApp" */;
			buildPhases = (
				7493D8F316C22B0300DAE363 /* Sources */,
				7493D8F416C22B0300DAE363 /* Frameworks */,
				7493D8F516C22B0300DAE363 /* Resources */,
			);
			buildRules = (
			);
			dependencies = (
			);
			name = SynergyWebApp;
			productName = SynergyWebApp;
			productReference = 7493D8F716C22B0300DAE363 /* SynergyWebApp.app */;
			productType = "com.apple.product-type.application";
		};
/* End PBXNativeTarget section */

/* Begin PBXProject section */
		7493D8EE16C22B0300DAE363 /* Project object */ = {
			isa = PBXProject;
			attributes = {
				LastUpgradeCheck = 0450;
			};
			buildConfigurationList = 7493D8F116C22B0300DAE363 /* Build configuration list for PBXProject "SynergyWebApp" */;
			compatibilityVersion = "Xcode 3.2";
			developmentRegion = English;
			hasScannedForEncodings = 0;
			knownRegions = (
				en,
			);
			mainGroup = 7493D8EC16C22B0300DAE363;
			productRefGroup = 7493D8F816C22B0300DAE363 /* Products */;
			projectDirPath = "";
			projectRoot = "";
			targets = (
				7493D8F616C22B0300DAE363 /* SynergyWebApp */,
			);
		};
/* End PBXProject section */

/* Begin PBXResourcesBuildPhase section */
		7493D8F516C22B0300DAE363 /* Resources */ = {
			isa = PBXResourcesBuildPhase;
			buildActionMask = 2147483647;
			files = (
				7493D90616C22B0300DAE363 /* InfoPlist.strings in Resources */,
				7493D91516C22B0300DAE363 /* MasterViewController.xib in Resources */,
				7493D91816C22B0300DAE363 /* DetailViewController.xib in Resources */,
			);
			runOnlyForDeploymentPostprocessing = 0;
		};
/* End PBXResourcesBuildPhase section */

/* Begin PBXSourcesBuildPhase section */
		7493D8F316C22B0300DAE363 /* Sources */ = {
			isa = PBXSourcesBuildPhase;
			buildActionMask = 2147483647;
			files = (
				7493D90816C22B0300DAE363 /* main.m in Sources */,
				7493D90C16C22B0300DAE363 /* AppDelegate.m in Sources */,
				7493D90F16C22B0300DAE363 /* MasterViewController.m in Sources */,
				7493D91216C22B0300DAE363 /* DetailViewController.m in Sources */,
				74465FAF16C22D210081EC85 /* NSData+Base64.m in Sources */,
				74465FB016C22D210081EC85 /* NSMutableArray+Soap.m in Sources */,
				74465FB116C22D210081EC85 /* Soap.m in Sources */,
				74465FB216C22D210081EC85 /* SoapArray.m in Sources */,
				74465FB316C22D210081EC85 /* SoapDictionary.m in Sources */,
				74465FB416C22D210081EC85 /* SoapFault.m in Sources */,
				74465FB516C22D210081EC85 /* SoapHandler.m in Sources */,
				74465FB616C22D210081EC85 /* SoapLiteral.m in Sources */,
				74465FB716C22D210081EC85 /* SoapNil.m in Sources */,
				74465FB816C22D210081EC85 /* SoapObject.m in Sources */,
				74465FB916C22D210081EC85 /* SoapParameter.m in Sources */,
				74465FBA16C22D210081EC85 /* SoapReachability.m in Sources */,
				74465FBB16C22D210081EC85 /* SoapRequest.m in Sources */,
				74465FBC16C22D210081EC85 /* SoapService.m in Sources */,
				74465FCB16C22D560081EC85 /* CXMLDocument.m in Sources */,
				74465FCC16C22D560081EC85 /* CXMLDocument_PrivateExtensions.m in Sources */,
				74465FCD16C22D560081EC85 /* CXMLElement.m in Sources */,
				74465FCE16C22D560081EC85 /* CXMLNode.m in Sources */,
				74465FCF16C22D560081EC85 /* CXMLNode_PrivateExtensions.m in Sources */,
				74465FD016C22D560081EC85 /* CXMLNode_XPathExtensions.m in Sources */,
				7446601F16C22EEC0081EC85 /* Soap+Prefix.m in Sources */,
				7446602816C230680081EC85 /* RSSynergyWebService.m in Sources */,
				7446602B16C231A60081EC85 /* RSSynergyReply.m in Sources */,
				7446602F16C236330081EC85 /* RSWebServiceHandler.m in Sources */,
				7446603616C2640E0081EC85 /* RSSynergyRequest.m in Sources */,
			);
			runOnlyForDeploymentPostprocessing = 0;
		};
/* End PBXSourcesBuildPhase section */

/* Begin PBXVariantGroup section */
		7493D90416C22B0300DAE363 /* InfoPlist.strings */ = {
			isa = PBXVariantGroup;
			children = (
				7493D90516C22B0300DAE363 /* en */,
			);
			name = InfoPlist.strings;
			sourceTree = "<group>";
		};
		7493D91316C22B0300DAE363 /* MasterViewController.xib */ = {
			isa = PBXVariantGroup;
			children = (
				7493D91416C22B0300DAE363 /* en */,
			);
			name = MasterViewController.xib;
			sourceTree = "<group>";
		};
		7493D91616C22B0300DAE363 /* DetailViewController.xib */ = {
			isa = PBXVariantGroup;
			children = (
				7493D91716C22B0300DAE363 /* en */,
			);
			name = DetailViewController.xib;
			sourceTree = "<group>";
		};
/* End PBXVariantGroup section */

/* Begin XCBuildConfiguration section */
		7493D91916C22B0300DAE363 /* Debug */ = {
			isa = XCBuildConfiguration;
			buildSettings = {
				ALWAYS_SEARCH_USER_PATHS = NO;
				ARCHS = "$(ARCHS_STANDARD_32_BIT)";
				"CODE_SIGN_IDENTITY[sdk=iphoneos*]" = "iPhone Developer";
				COPY_PHASE_STRIP = NO;
				GCC_C_LANGUAGE_STANDARD = gnu99;
				GCC_DYNAMIC_NO_PIC = NO;
				GCC_OPTIMIZATION_LEVEL = 0;
				GCC_PREPROCESSOR_DEFINITIONS = (
					"DEBUG=1",
					"$(inherited)",
				);
				GCC_SYMBOLS_PRIVATE_EXTERN = NO;
				GCC_VERSION = com.apple.compilers.llvm.clang.1_0;
				GCC_WARN_ABOUT_MISSING_PROTOTYPES = YES;
				GCC_WARN_ABOUT_RETURN_TYPE = YES;
				GCC_WARN_UNUSED_VARIABLE = YES;
				IPHONEOS_DEPLOYMENT_TARGET = 5.0;
				SDKROOT = iphoneos;
				TARGETED_DEVICE_FAMILY = 2;
			};
			name = Debug;
		};
		7493D91A16C22B0300DAE363 /* Release */ = {
			isa = XCBuildConfiguration;
			buildSettings = {
				ALWAYS_SEARCH_USER_PATHS = NO;
				ARCHS = "$(ARCHS_STANDARD_32_BIT)";
				"CODE_SIGN_IDENTITY[sdk=iphoneos*]" = "iPhone Developer";
				COPY_PHASE_STRIP = YES;
				GCC_C_LANGUAGE_STANDARD = gnu99;
				GCC_VERSION = com.apple.compilers.llvm.clang.1_0;
				GCC_WARN_ABOUT_MISSING_PROTOTYPES = YES;
				GCC_WARN_ABOUT_RETURN_TYPE = YES;
				GCC_WARN_UNUSED_VARIABLE = YES;
				IPHONEOS_DEPLOYMENT_TARGET = 5.0;
				OTHER_CFLAGS = "-DNS_BLOCK_ASSERTIONS=1";
				SDKROOT = iphoneos;
				TARGETED_DEVICE_FAMILY = 2;
				VALIDATE_PRODUCT = YES;
			};
			name = Release;
		};
		7493D91C16C22B0300DAE363 /* Debug */ = {
			isa = XCBuildConfiguration;
			buildSettings = {
				GCC_PRECOMPILE_PREFIX_HEADER = YES;
				GCC_PREFIX_HEADER = "SynergyWebApp/SynergyWebApp-Prefix.pch";
				HEADER_SEARCH_PATHS = "${SDK_DIR}/usr/include/libxml2";
				INFOPLIST_FILE = "SynergyWebApp/SynergyWebApp-Info.plist";
				PRODUCT_NAME = "$(TARGET_NAME)";
				WRAPPER_EXTENSION = app;
			};
			name = Debug;
		};
		7493D91D16C22B0300DAE363 /* Release */ = {
			isa = XCBuildConfiguration;
			buildSettings = {
				GCC_PRECOMPILE_PREFIX_HEADER = YES;
				GCC_PREFIX_HEADER = "SynergyWebApp/SynergyWebApp-Prefix.pch";
				HEADER_SEARCH_PATHS = "${SDK_DIR}/usr/include/libxml2";
				INFOPLIST_FILE = "SynergyWebApp/SynergyWebApp-Info.plist";
				PRODUCT_NAME = "$(TARGET_NAME)";
				WRAPPER_EXTENSION = app;
			};
			name = Release;
		};
/* End XCBuildConfiguration section */

/* Begin XCConfigurationList section */
		7493D8F116C22B0300DAE363 /* Build configuration list for PBXProject "SynergyWebApp" */ = {
			isa = XCConfigurationList;
			buildConfigurations = (
				7493D91916C22B0300DAE363 /* Debug */,
				7493D91A16C22B0300DAE363 /* Release */,
			);
			defaultConfigurationIsVisible = 0;
			defaultConfigurationName = Release;
		};
		7493D91B16C22B0300DAE363 /* Build configuration list for PBXNativeTarget "SynergyWebApp" */ = {
			isa = XCConfigurationList;
			buildConfigurations = (
				7493D91C16C22B0300DAE363 /* Debug */,
				7493D91D16C22B0300DAE363 /* Release */,
			);
			defaultConfigurationIsVisible = 0;
			defaultConfigurationName = Release;
		};
/* End XCConfigurationList section */
	};
	rootObject = 7493D8EE16C22B0300DAE363 /* Project object */;
}
